
Microsoft Visual Studio Solution File, Format Version 12.00
# Visual Studio Version 17
VisualStudioVersion = 17.5.33414.496
MinimumVisualStudioVersion = 10.0.40219.1
Project("{FAE04EC0-301F-11D3-BF4B-00C04F79EFBC}") = "WebApplicationmvc", "WebApplicationmvc\WebApplicationmvc.csproj", "{FE303DAA-5B1A-408F-BB7D-5E13FFC6DDA2}"
EndProject
Global
	GlobalSection(SolutionConfigurationPlatforms) = preSolution
		Debug|Any CPU = Debug|Any CPU
		Release|Any CPU = Release|Any CPU
	EndGlobalSection
	GlobalSection(ProjectConfigurationPlatforms) = postSolution
		{FE303DAA-5B1A-408F-BB7D-5E13FFC6DDA2}.Debug|Any CPU.ActiveCfg = Debug|Any CPU
		{FE303DAA-5B1A-408F-BB7D-5E13FFC6DDA2}.Debug|Any CPU.Build.0 = Debug|Any CPU
		{FE303DAA-5B1A-408F-BB7D-5E13FFC6DDA2}.Release|Any CPU.ActiveCfg = Release|Any CPU
		{FE303DAA-5B1A-408F-BB7D-5E13FFC6DDA2}.Release|Any CPU.Build.0 = Release|Any CPU
	EndGlobalSection
	GlobalSection(SolutionProperties) = preSolution
		HideSolutionNode = FALSE
	EndGlobalSection
	GlobalSection(ExtensibilityGlobals) = postSolution
		SolutionGuid = {5033D872-AA97-4A51-A690-D071AE4748A7}
	EndGlobalSection
EndGlobal
